
Microsoft Visual Studio Solution File, Format Version 12.00
# Visual Studio Version 16
VisualStudioVersion = 16.0.31624.102
MinimumVisualStudioVersion = 10.0.40219.1
Project("{FAE04EC0-301F-11D3-BF4B-00C04F79EFBC}") = "WebApplication12", "WebApplication12\WebApplication12.csproj", "{8FA67EB2-01AF-4C2B-AA29-065B52B4A7D7}"
EndProject
Global
	GlobalSection(SolutionConfigurationPlatforms) = preSolution
		Debug|Any CPU = Debug|Any CPU
		Release|Any CPU = Release|Any CPU
	EndGlobalSection
	GlobalSection(ProjectConfigurationPlatforms) = postSolution
		{8FA67EB2-01AF-4C2B-AA29-065B52B4A7D7}.Debug|Any CPU.ActiveCfg = Debug|Any CPU
		{8FA67EB2-01AF-4C2B-AA29-065B52B4A7D7}.Debug|Any CPU.Build.0 = Debug|Any CPU
		{8FA67EB2-01AF-4C2B-AA29-065B52B4A7D7}.Release|Any CPU.ActiveCfg = Release|Any CPU
		{8FA67EB2-01AF-4C2B-AA29-065B52B4A7D7}.Release|Any CPU.Build.0 = Release|Any CPU
	EndGlobalSection
	GlobalSection(SolutionProperties) = preSolution
		HideSolutionNode = FALSE
	EndGlobalSection
	GlobalSection(ExtensibilityGlobals) = postSolution
		SolutionGuid = {0A22791D-92D3-4B54-A2C9-1D226669DA8B}
	EndGlobalSection
EndGlobal
